
Microsoft Visual Studio Solution File, Format Version 12.00
# Visual Studio Version 17
VisualStudioVersion = 17.2.32616.157
MinimumVisualStudioVersion = 10.0.40219.1
Project("{9A19103F-16F7-4668-BE54-9A1E7A4F7556}") = "FirstDemo.Web", "FirstDemo.Web\FirstDemo.Web.csproj", "{58BFEE45-5D8A-4BEA-B777-DF8F1F416AFB}"
EndProject
Project("{9A19103F-16F7-4668-BE54-9A1E7A4F7556}") = "FirstDemo.Infrastructure", "FirstDemo.Infrastructure\FirstDemo.Infrastructure.csproj", "{6D30A7CC-897B-459A-AE3B-4B35D7CE4A4A}"
EndProject
Project("{FAE04EC0-301F-11D3-BF4B-00C04F79EFBC}") = "FirstDemo.API", "FirstDemo.API\FirstDemo.API.csproj", "{F0912D37-0C0A-4A2D-B5AE-F72C1B04F502}"
EndProject
Global
	GlobalSection(SolutionConfigurationPlatforms) = preSolution
		Debug|Any CPU = Debug|Any CPU
		Release|Any CPU = Release|Any CPU
	EndGlobalSection
	GlobalSection(ProjectConfigurationPlatforms) = postSolution
		{58BFEE45-5D8A-4BEA-B777-DF8F1F416AFB}.Debug|Any CPU.ActiveCfg = Debug|Any CPU
		{58BFEE45-5D8A-4BEA-B777-DF8F1F416AFB}.Debug|Any CPU.Build.0 = Debug|Any CPU
		{58BFEE45-5D8A-4BEA-B777-DF8F1F416AFB}.Release|Any CPU.ActiveCfg = Release|Any CPU
		{58BFEE45-5D8A-4BEA-B777-DF8F1F416AFB}.Release|Any CPU.Build.0 = Release|Any CPU
		{6D30A7CC-897B-459A-AE3B-4B35D7CE4A4A}.Debug|Any CPU.ActiveCfg = Debug|Any CPU
		{6D30A7CC-897B-459A-AE3B-4B35D7CE4A4A}.Debug|Any CPU.Build.0 = Debug|Any CPU
		{6D30A7CC-897B-459A-AE3B-4B35D7CE4A4A}.Release|Any CPU.ActiveCfg = Release|Any CPU
		{6D30A7CC-897B-459A-AE3B-4B35D7CE4A4A}.Release|Any CPU.Build.0 = Release|Any CPU
		{F0912D37-0C0A-4A2D-B5AE-F72C1B04F502}.Debug|Any CPU.ActiveCfg = Debug|Any CPU
		{F0912D37-0C0A-4A2D-B5AE-F72C1B04F502}.Debug|Any CPU.Build.0 = Debug|Any CPU
		{F0912D37-0C0A-4A2D-B5AE-F72C1B04F502}.Release|Any CPU.ActiveCfg = Release|Any CPU
		{F0912D37-0C0A-4A2D-B5AE-F72C1B04F502}.Release|Any CPU.Build.0 = Release|Any CPU
	EndGlobalSection
	GlobalSection(SolutionProperties) = preSolution
		HideSolutionNode = FALSE
	EndGlobalSection
	GlobalSection(ExtensibilityGlobals) = postSolution
		SolutionGuid = {389C4AB2-B520-42AB-B8AB-411FE81D5E83}
	EndGlobalSection
EndGlobal
