
Microsoft Visual Studio Solution File, Format Version 12.00
# Visual Studio Version 17
VisualStudioVersion = 17.2.32616.157
MinimumVisualStudioVersion = 10.0.40219.1
Project("{FAE04EC0-301F-11D3-BF4B-00C04F79EFBC}") = "FirstDemo.Web", "FirstDemo.Web\FirstDemo.Web.csproj", "{58BFEE45-5D8A-4BEA-B777-DF8F1F416AFB}"
EndProject
Global
	GlobalSection(SolutionConfigurationPlatforms) = preSolution
		Debug|Any CPU = Debug|Any CPU
		Release|Any CPU = Release|Any CPU
	EndGlobalSection
	GlobalSection(ProjectConfigurationPlatforms) = postSolution
		{58BFEE45-5D8A-4BEA-B777-DF8F1F416AFB}.Debug|Any CPU.ActiveCfg = Debug|Any CPU
		{58BFEE45-5D8A-4BEA-B777-DF8F1F416AFB}.Debug|Any CPU.Build.0 = Debug|Any CPU
		{58BFEE45-5D8A-4BEA-B777-DF8F1F416AFB}.Release|Any CPU.ActiveCfg = Release|Any CPU
		{58BFEE45-5D8A-4BEA-B777-DF8F1F416AFB}.Release|Any CPU.Build.0 = Release|Any CPU
	EndGlobalSection
	GlobalSection(SolutionProperties) = preSolution
		HideSolutionNode = FALSE
	EndGlobalSection
	GlobalSection(ExtensibilityGlobals) = postSolution
		SolutionGuid = {389C4AB2-B520-42AB-B8AB-411FE81D5E83}
	EndGlobalSection
EndGlobal
