
Microsoft Visual Studio Solution File, Format Version 12.00
# Visual Studio Version 17
VisualStudioVersion = 17.4.33205.214
MinimumVisualStudioVersion = 10.0.40219.1
Project("{FAE04EC0-301F-11D3-BF4B-00C04F79EFBC}") = "Demo.Web", "Demo.Web\Demo.Web.csproj", "{4FD9B499-846B-44B9-8DDC-62D51553CCB8}"
EndProject
Project("{FAE04EC0-301F-11D3-BF4B-00C04F79EFBC}") = "Demo.Application", "Demo.Application\Demo.Application.csproj", "{D8124326-18BF-4765-A469-44E1AAB1B319}"
EndProject
Project("{FAE04EC0-301F-11D3-BF4B-00C04F79EFBC}") = "Demo.Domain", "Demo.Domain\Demo.Domain.csproj", "{2197CD57-8407-4592-B764-3A3D81B79EDA}"
EndProject
Project("{FAE04EC0-301F-11D3-BF4B-00C04F79EFBC}") = "Demo.Infrastructure", "Demo.Infrastructure\Demo.Infrastructure.csproj", "{7284D53E-972B-420A-8A7D-8BB9104FB487}"
EndProject
Global
	GlobalSection(SolutionConfigurationPlatforms) = preSolution
		Debug|Any CPU = Debug|Any CPU
		Release|Any CPU = Release|Any CPU
	EndGlobalSection
	GlobalSection(ProjectConfigurationPlatforms) = postSolution
		{4FD9B499-846B-44B9-8DDC-62D51553CCB8}.Debug|Any CPU.ActiveCfg = Debug|Any CPU
		{4FD9B499-846B-44B9-8DDC-62D51553CCB8}.Debug|Any CPU.Build.0 = Debug|Any CPU
		{4FD9B499-846B-44B9-8DDC-62D51553CCB8}.Release|Any CPU.ActiveCfg = Release|Any CPU
		{4FD9B499-846B-44B9-8DDC-62D51553CCB8}.Release|Any CPU.Build.0 = Release|Any CPU
		{D8124326-18BF-4765-A469-44E1AAB1B319}.Debug|Any CPU.ActiveCfg = Debug|Any CPU
		{D8124326-18BF-4765-A469-44E1AAB1B319}.Debug|Any CPU.Build.0 = Debug|Any CPU
		{D8124326-18BF-4765-A469-44E1AAB1B319}.Release|Any CPU.ActiveCfg = Release|Any CPU
		{D8124326-18BF-4765-A469-44E1AAB1B319}.Release|Any CPU.Build.0 = Release|Any CPU
		{2197CD57-8407-4592-B764-3A3D81B79EDA}.Debug|Any CPU.ActiveCfg = Debug|Any CPU
		{2197CD57-8407-4592-B764-3A3D81B79EDA}.Debug|Any CPU.Build.0 = Debug|Any CPU
		{2197CD57-8407-4592-B764-3A3D81B79EDA}.Release|Any CPU.ActiveCfg = Release|Any CPU
		{2197CD57-8407-4592-B764-3A3D81B79EDA}.Release|Any CPU.Build.0 = Release|Any CPU
		{7284D53E-972B-420A-8A7D-8BB9104FB487}.Debug|Any CPU.ActiveCfg = Debug|Any CPU
		{7284D53E-972B-420A-8A7D-8BB9104FB487}.Debug|Any CPU.Build.0 = Debug|Any CPU
		{7284D53E-972B-420A-8A7D-8BB9104FB487}.Release|Any CPU.ActiveCfg = Release|Any CPU
		{7284D53E-972B-420A-8A7D-8BB9104FB487}.Release|Any CPU.Build.0 = Release|Any CPU
	EndGlobalSection
	GlobalSection(SolutionProperties) = preSolution
		HideSolutionNode = FALSE
	EndGlobalSection
	GlobalSection(ExtensibilityGlobals) = postSolution
		SolutionGuid = {F4827A3D-32F6-4C8D-B8DA-BC6E61CA9D86}
	EndGlobalSection
EndGlobal
